Microsoft Visual Studio Solution File, Format Version 12.00
# Visual Studio 2012
Project("{FAE04EC0-301F-11D3-BF4B-00C04F79EFBC}") = "Ersiss-System", "Ersiss-System.csproj", "{92F951C2-BD8F-4127-93D4-B6A87F2D3B65}"
EndProject
Global
	GlobalSection(SolutionConfigurationPlatforms) = preSolution
	Debug|Any CPU = Debug|Any CPU
	ExportDebug|Any CPU = ExportDebug|Any CPU
	ExportRelease|Any CPU = ExportRelease|Any CPU
	EndGlobalSection
	GlobalSection(ProjectConfigurationPlatforms) = postSolution
		{92F951C2-BD8F-4127-93D4-B6A87F2D3B65}.Debug|Any CPU.ActiveCfg = Debug|Any CPU
		{92F951C2-BD8F-4127-93D4-B6A87F2D3B65}.Debug|Any CPU.Build.0 = Debug|Any CPU
		{92F951C2-BD8F-4127-93D4-B6A87F2D3B65}.ExportDebug|Any CPU.ActiveCfg = ExportDebug|Any CPU
		{92F951C2-BD8F-4127-93D4-B6A87F2D3B65}.ExportDebug|Any CPU.Build.0 = ExportDebug|Any CPU
		{92F951C2-BD8F-4127-93D4-B6A87F2D3B65}.ExportRelease|Any CPU.ActiveCfg = ExportRelease|Any CPU
		{92F951C2-BD8F-4127-93D4-B6A87F2D3B65}.ExportRelease|Any CPU.Build.0 = ExportRelease|Any CPU
	EndGlobalSection
EndGlobal
